
Microsoft Visual Studio Solution File, Format Version 12.00
# Visual Studio Version 17
VisualStudioVersion = 17.0.31423.177
MinimumVisualStudioVersion = 15.0.26124.0
Project("{2150E333-8FDC-42A3-9474-1A3956D46DE8}") = "Solution Items", "Solution Items", "{A70D03B5-17BC-4017-9053-15715998735E}"
	ProjectSection(SolutionItems) = preProject
		.github\workflows\ci.yml = .github\workflows\ci.yml
	EndProjectSection
EndProject
Project("{FAE04EC0-301F-11D3-BF4B-00C04F79EFBC}") = "Library", "Library\Library.csproj", "{392AC9C3-EDBD-43CE-AA4A-C108A4D893DE}"
EndProject
Project("{FAE04EC0-301F-11D3-BF4B-00C04F79EFBC}") = "Library.Generator", "Library.Generator\Library.Generator.csproj", "{06CAEE75-E1AA-4576-9F9A-E9DF21CD3DB6}"
EndProject
Project("{FAE04EC0-301F-11D3-BF4B-00C04F79EFBC}") = "Library.Generator.Test", "Library.Generator.Test\Library.Generator.Test.csproj", "{AECF8AC0-3F25-4533-93A0-3BA37FA0AC3E}"
EndProject
Global
	GlobalSection(SolutionConfigurationPlatforms) = preSolution
		Debug|Any CPU = Debug|Any CPU
		Release|Any CPU = Release|Any CPU
	EndGlobalSection
	GlobalSection(ProjectConfigurationPlatforms) = postSolution
		{392AC9C3-EDBD-43CE-AA4A-C108A4D893DE}.Debug|Any CPU.ActiveCfg = Debug|Any CPU
		{392AC9C3-EDBD-43CE-AA4A-C108A4D893DE}.Debug|Any CPU.Build.0 = Debug|Any CPU
		{392AC9C3-EDBD-43CE-AA4A-C108A4D893DE}.Release|Any CPU.ActiveCfg = Release|Any CPU
		{392AC9C3-EDBD-43CE-AA4A-C108A4D893DE}.Release|Any CPU.Build.0 = Release|Any CPU
		{06CAEE75-E1AA-4576-9F9A-E9DF21CD3DB6}.Debug|Any CPU.ActiveCfg = Debug|Any CPU
		{06CAEE75-E1AA-4576-9F9A-E9DF21CD3DB6}.Debug|Any CPU.Build.0 = Debug|Any CPU
		{06CAEE75-E1AA-4576-9F9A-E9DF21CD3DB6}.Release|Any CPU.ActiveCfg = Release|Any CPU
		{06CAEE75-E1AA-4576-9F9A-E9DF21CD3DB6}.Release|Any CPU.Build.0 = Release|Any CPU
		{AECF8AC0-3F25-4533-93A0-3BA37FA0AC3E}.Debug|Any CPU.ActiveCfg = Debug|Any CPU
		{AECF8AC0-3F25-4533-93A0-3BA37FA0AC3E}.Debug|Any CPU.Build.0 = Debug|Any CPU
		{AECF8AC0-3F25-4533-93A0-3BA37FA0AC3E}.Release|Any CPU.ActiveCfg = Release|Any CPU
		{AECF8AC0-3F25-4533-93A0-3BA37FA0AC3E}.Release|Any CPU.Build.0 = Release|Any CPU
	EndGlobalSection
	GlobalSection(SolutionProperties) = preSolution
		HideSolutionNode = FALSE
	EndGlobalSection
	GlobalSection(ExtensibilityGlobals) = postSolution
		SolutionGuid = {44D1B1AC-75A9-4AB8-9FF9-A4A182D84F0F}
	EndGlobalSection
EndGlobal
